// !$*UTF8*$!
{
	archiveVersion = 1;
	classes = {
	};
	objectVersion = 56;
	objects = {

/* Begin PBXBuildFile section */
		6F9FE7C82972543100668F35 /* AppDelegate.swift in Sources */ = {isa = PBXBuildFile; fileRef = 6F9FE7C72972543100668F35 /* AppDelegate.swift */; };
		6F9FE7CA2972543100668F35 /* SceneDelegate.swift in Sources */ = {isa = PBXBuildFile; fileRef = 6F9FE7C92972543100668F35 /* SceneDelegate.swift */; };
		6F9FE7CC2972543100668F35 /* HomeViewController.swift in Sources */ = {isa = PBXBuildFile; fileRef = 6F9FE7CB2972543100668F35 /* HomeViewController.swift */; };
		6F9FE7D12972543300668F35 /* Assets.xcassets in Resources */ = {isa = PBXBuildFile; fileRef = 6F9FE7D02972543300668F35 /* Assets.xcassets */; };
		6F9FE7D42972543300668F35 /* LaunchScreen.storyboard in Resources */ = {isa = PBXBuildFile; fileRef = 6F9FE7D22972543300668F35 /* LaunchScreen.storyboard */; };
		6F9FE7E22975716B00668F35 /* Main.storyboard in Resources */ = {isa = PBXBuildFile; fileRef = 6F9FE7E12975716B00668F35 /* Main.storyboard */; };
		6F9FE7E4297571FC00668F35 /* TabBarViewController.swift in Sources */ = {isa = PBXBuildFile; fileRef = 6F9FE7E3297571FC00668F35 /* TabBarViewController.swift */; };
		6F9FE7E62975724B00668F35 /* SearchViewController.swift in Sources */ = {isa = PBXBuildFile; fileRef = 6F9FE7E52975724B00668F35 /* SearchViewController.swift */; };
		6F9FE7E82975726E00668F35 /* LibraryViewController.swift in Sources */ = {isa = PBXBuildFile; fileRef = 6F9FE7E72975726E00668F35 /* LibraryViewController.swift */; };
		6F9FE7EC297572BD00668F35 /* AuthViewController.swift in Sources */ = {isa = PBXBuildFile; fileRef = 6F9FE7EB297572BD00668F35 /* AuthViewController.swift */; };
		6F9FE7EE297572D300668F35 /* WelcomeViewController.swift in Sources */ = {isa = PBXBuildFile; fileRef = 6F9FE7ED297572D300668F35 /* WelcomeViewController.swift */; };
		6F9FE7F0297572F800668F35 /* SettingsViewController.swift in Sources */ = {isa = PBXBuildFile; fileRef = 6F9FE7EF297572F800668F35 /* SettingsViewController.swift */; };
		6F9FE7F22975731300668F35 /* ProfileViewController.swift in Sources */ = {isa = PBXBuildFile; fileRef = 6F9FE7F12975731300668F35 /* ProfileViewController.swift */; };
		6F9FE7F42975739800668F35 /* PlayerViewController.swift in Sources */ = {isa = PBXBuildFile; fileRef = 6F9FE7F32975739800668F35 /* PlayerViewController.swift */; };
		6F9FE7F6297573B300668F35 /* PlayListViewController.swift in Sources */ = {isa = PBXBuildFile; fileRef = 6F9FE7F5297573B300668F35 /* PlayListViewController.swift */; };
		6F9FE7F8297584A800668F35 /* SearchResultsViewController.swift in Sources */ = {isa = PBXBuildFile; fileRef = 6F9FE7F7297584A800668F35 /* SearchResultsViewController.swift */; };
		6F9FE7FA2975856700668F35 /* AuthManager.swift in Sources */ = {isa = PBXBuildFile; fileRef = 6F9FE7F92975856700668F35 /* AuthManager.swift */; };
		6F9FE7FC2975866F00668F35 /* APICaller.swift in Sources */ = {isa = PBXBuildFile; fileRef = 6F9FE7FB2975866F00668F35 /* APICaller.swift */; };
		6F9FE7FE2975868400668F35 /* HapticsManager.swift in Sources */ = {isa = PBXBuildFile; fileRef = 6F9FE7FD2975868400668F35 /* HapticsManager.swift */; };
		6F9FE800297586A200668F35 /* Playlist.swift in Sources */ = {isa = PBXBuildFile; fileRef = 6F9FE7FF297586A200668F35 /* Playlist.swift */; };
		6F9FE802297586AF00668F35 /* AudioTrack.swift in Sources */ = {isa = PBXBuildFile; fileRef = 6F9FE801297586AF00668F35 /* AudioTrack.swift */; };
		6F9FE804297586C000668F35 /* Artist.swift in Sources */ = {isa = PBXBuildFile; fileRef = 6F9FE803297586C000668F35 /* Artist.swift */; };
		6F9FE806297586D000668F35 /* UserProfile.swift in Sources */ = {isa = PBXBuildFile; fileRef = 6F9FE805297586D000668F35 /* UserProfile.swift */; };
		6F9FE8082975979700668F35 /* Extensions.swift in Sources */ = {isa = PBXBuildFile; fileRef = 6F9FE8072975979700668F35 /* Extensions.swift */; };
		6F9FE80A2976C29C00668F35 /* AuthResponse.swift in Sources */ = {isa = PBXBuildFile; fileRef = 6F9FE8092976C29C00668F35 /* AuthResponse.swift */; };
		6F9FE80C2976E0A900668F35 /* APIImage.swift in Sources */ = {isa = PBXBuildFile; fileRef = 6F9FE80B2976E0A900668F35 /* APIImage.swift */; };
		6F9FE80E297721C000668F35 /* SettingModel.swift in Sources */ = {isa = PBXBuildFile; fileRef = 6F9FE80D297721C000668F35 /* SettingModel.swift */; };
		6F9FE8112977260B00668F35 /* SDWebImage in Frameworks */ = {isa = PBXBuildFile; productRef = 6F9FE8102977260B00668F35 /* SDWebImage */; };
		6F9FE8132977260B00668F35 /* SDWebImageMapKit in Frameworks */ = {isa = PBXBuildFile; productRef = 6F9FE8122977260B00668F35 /* SDWebImageMapKit */; };
/* End PBXBuildFile section */

/* Begin PBXFileReference section */
		6F9FE7C42972543100668F35 /* spotifyDoli.app */ = {isa = PBXFileReference; explicitFileType = wrapper.application; includeInIndex = 0; path = spotifyDoli.app; sourceTree = BUILT_PRODUCTS_DIR; };
		6F9FE7C72972543100668F35 /* AppDelegate.swift */ = {isa = PBXFileReference; lastKnownFileType = sourcecode.swift; path = AppDelegate.swift; sourceTree = "<group>"; };
		6F9FE7C92972543100668F35 /* SceneDelegate.swift */ = {isa = PBXFileReference; lastKnownFileType = sourcecode.swift; path = SceneDelegate.swift; sourceTree = "<group>"; };
		6F9FE7CB2972543100668F35 /* HomeViewController.swift */ = {isa = PBXFileReference; lastKnownFileType = sourcecode.swift; path = HomeViewController.swift; sourceTree = "<group>"; };
		6F9FE7D02972543300668F35 /* Assets.xcassets */ = {isa = PBXFileReference; lastKnownFileType = folder.assetcatalog; path = Assets.xcassets; sourceTree = "<group>"; };
		6F9FE7D32972543300668F35 /* Base */ = {isa = PBXFileReference; lastKnownFileType = file.storyboard; name = Base; path = Base.lproj/LaunchScreen.storyboard; sourceTree = "<group>"; };
		6F9FE7D52972543300668F35 /* Info.plist */ = {isa = PBXFileReference; lastKnownFileType = text.plist.xml; path = Info.plist; sourceTree = "<group>"; };
		6F9FE7E12975716B00668F35 /* Main.storyboard */ = {isa = PBXFileReference; lastKnownFileType = file.storyboard; path = Main.storyboard; sourceTree = "<group>"; };
		6F9FE7E3297571FC00668F35 /* TabBarViewController.swift */ = {isa = PBXFileReference; lastKnownFileType = sourcecode.swift; path = TabBarViewController.swift; sourceTree = "<group>"; };
		6F9FE7E52975724B00668F35 /* SearchViewController.swift */ = {isa = PBXFileReference; lastKnownFileType = sourcecode.swift; path = SearchViewController.swift; sourceTree = "<group>"; };
		6F9FE7E72975726E00668F35 /* LibraryViewController.swift */ = {isa = PBXFileReference; lastKnownFileType = sourcecode.swift; path = LibraryViewController.swift; sourceTree = "<group>"; };
		6F9FE7EB297572BD00668F35 /* AuthViewController.swift */ = {isa = PBXFileReference; lastKnownFileType = sourcecode.swift; path = AuthViewController.swift; sourceTree = "<group>"; };
		6F9FE7ED297572D300668F35 /* WelcomeViewController.swift */ = {isa = PBXFileReference; lastKnownFileType = sourcecode.swift; path = WelcomeViewController.swift; sourceTree = "<group>"; };
		6F9FE7EF297572F800668F35 /* SettingsViewController.swift */ = {isa = PBXFileReference; lastKnownFileType = sourcecode.swift; path = SettingsViewController.swift; sourceTree = "<group>"; };
		6F9FE7F12975731300668F35 /* ProfileViewController.swift */ = {isa = PBXFileReference; lastKnownFileType = sourcecode.swift; path = ProfileViewController.swift; sourceTree = "<group>"; };
		6F9FE7F32975739800668F35 /* PlayerViewController.swift */ = {isa = PBXFileReference; lastKnownFileType = sourcecode.swift; path = PlayerViewController.swift; sourceTree = "<group>"; };
		6F9FE7F5297573B300668F35 /* PlayListViewController.swift */ = {isa = PBXFileReference; lastKnownFileType = sourcecode.swift; path = PlayListViewController.swift; sourceTree = "<group>"; };
		6F9FE7F7297584A800668F35 /* SearchResultsViewController.swift */ = {isa = PBXFileReference; lastKnownFileType = sourcecode.swift; path = SearchResultsViewController.swift; sourceTree = "<group>"; };
		6F9FE7F92975856700668F35 /* AuthManager.swift */ = {isa = PBXFileReference; lastKnownFileType = sourcecode.swift; path = AuthManager.swift; sourceTree = "<group>"; };
		6F9FE7FB2975866F00668F35 /* APICaller.swift */ = {isa = PBXFileReference; lastKnownFileType = sourcecode.swift; path = APICaller.swift; sourceTree = "<group>"; };
		6F9FE7FD2975868400668F35 /* HapticsManager.swift */ = {isa = PBXFileReference; lastKnownFileType = sourcecode.swift; path = HapticsManager.swift; sourceTree = "<group>"; };
		6F9FE7FF297586A200668F35 /* Playlist.swift */ = {isa = PBXFileReference; lastKnownFileType = sourcecode.swift; path = Playlist.swift; sourceTree = "<group>"; };
		6F9FE801297586AF00668F35 /* AudioTrack.swift */ = {isa = PBXFileReference; lastKnownFileType = sourcecode.swift; path = AudioTrack.swift; sourceTree = "<group>"; };
		6F9FE803297586C000668F35 /* Artist.swift */ = {isa = PBXFileReference; lastKnownFileType = sourcecode.swift; path = Artist.swift; sourceTree = "<group>"; };
		6F9FE805297586D000668F35 /* UserProfile.swift */ = {isa = PBXFileReference; lastKnownFileType = sourcecode.swift; path = UserProfile.swift; sourceTree = "<group>"; };
		6F9FE8072975979700668F35 /* Extensions.swift */ = {isa = PBXFileReference; lastKnownFileType = sourcecode.swift; path = Extensions.swift; sourceTree = "<group>"; };
		6F9FE8092976C29C00668F35 /* AuthResponse.swift */ = {isa = PBXFileReference; lastKnownFileType = sourcecode.swift; path = AuthResponse.swift; sourceTree = "<group>"; };
		6F9FE80B2976E0A900668F35 /* APIImage.swift */ = {isa = PBXFileReference; lastKnownFileType = sourcecode.swift; path = APIImage.swift; sourceTree = "<group>"; };
		6F9FE80D297721C000668F35 /* SettingModel.swift */ = {isa = PBXFileReference; lastKnownFileType = sourcecode.swift; path = SettingModel.swift; sourceTree = "<group>"; };
/* End PBXFileReference section */

/* Begin PBXFrameworksBuildPhase section */
		6F9FE7C12972543100668F35 /* Frameworks */ = {
			isa = PBXFrameworksBuildPhase;
			buildActionMask = 2147483647;
			files = (
				6F9FE8132977260B00668F35 /* SDWebImageMapKit in Frameworks */,
				6F9FE8112977260B00668F35 /* SDWebImage in Frameworks */,
			);
			runOnlyForDeploymentPostprocessing = 0;
		};
/* End PBXFrameworksBuildPhase section */

/* Begin PBXGroup section */
		6F9FE7BB2972543100668F35 = {
			isa = PBXGroup;
			children = (
				6F9FE7C62972543100668F35 /* spotifyDoli */,
				6F9FE7C52972543100668F35 /* Products */,
			);
			sourceTree = "<group>";
		};
		6F9FE7C52972543100668F35 /* Products */ = {
			isa = PBXGroup;
			children = (
				6F9FE7C42972543100668F35 /* spotifyDoli.app */,
			);
			name = Products;
			sourceTree = "<group>";
		};
		6F9FE7C62972543100668F35 /* spotifyDoli */ = {
			isa = PBXGroup;
			children = (
				6F9FE7E0297255AF00668F35 /* Resources */,
				6F9FE7DF2972559800668F35 /* Manager */,
				6F9FE7DE2972558900668F35 /* ViewModels */,
				6F9FE7DD2972557800668F35 /* Models */,
				6F9FE7DC2972556E00668F35 /* Views */,
				6F9FE7DB2972556400668F35 /* Controllers */,
				6F9FE7D02972543300668F35 /* Assets.xcassets */,
				6F9FE7E12975716B00668F35 /* Main.storyboard */,
				6F9FE7D22972543300668F35 /* LaunchScreen.storyboard */,
				6F9FE7D52972543300668F35 /* Info.plist */,
			);
			path = spotifyDoli;
			sourceTree = "<group>";
		};
		6F9FE7DB2972556400668F35 /* Controllers */ = {
			isa = PBXGroup;
			children = (
				6F9FE7EA297572A500668F35 /* Others */,
				6F9FE7E92975728700668F35 /* Core */,
			);
			path = Controllers;
			sourceTree = "<group>";
		};
		6F9FE7DC2972556E00668F35 /* Views */ = {
			isa = PBXGroup;
			children = (
			);
			path = Views;
			sourceTree = "<group>";
		};
		6F9FE7DD2972557800668F35 /* Models */ = {
			isa = PBXGroup;
			children = (
				6F9FE7FF297586A200668F35 /* Playlist.swift */,
				6F9FE801297586AF00668F35 /* AudioTrack.swift */,
				6F9FE803297586C000668F35 /* Artist.swift */,
				6F9FE805297586D000668F35 /* UserProfile.swift */,
				6F9FE8092976C29C00668F35 /* AuthResponse.swift */,
				6F9FE80B2976E0A900668F35 /* APIImage.swift */,
				6F9FE80D297721C000668F35 /* SettingModel.swift */,
			);
			path = Models;
			sourceTree = "<group>";
		};
		6F9FE7DE2972558900668F35 /* ViewModels */ = {
			isa = PBXGroup;
			children = (
			);
			path = ViewModels;
			sourceTree = "<group>";
		};
		6F9FE7DF2972559800668F35 /* Manager */ = {
			isa = PBXGroup;
			children = (
				6F9FE7F92975856700668F35 /* AuthManager.swift */,
				6F9FE7FB2975866F00668F35 /* APICaller.swift */,
				6F9FE7FD2975868400668F35 /* HapticsManager.swift */,
			);
			path = Manager;
			sourceTree = "<group>";
		};
		6F9FE7E0297255AF00668F35 /* Resources */ = {
			isa = PBXGroup;
			children = (
				6F9FE7C92972543100668F35 /* SceneDelegate.swift */,
				6F9FE7C72972543100668F35 /* AppDelegate.swift */,
				6F9FE8072975979700668F35 /* Extensions.swift */,
			);
			path = Resources;
			sourceTree = "<group>";
		};
		6F9FE7E92975728700668F35 /* Core */ = {
			isa = PBXGroup;
			children = (
				6F9FE7CB2972543100668F35 /* HomeViewController.swift */,
				6F9FE7E3297571FC00668F35 /* TabBarViewController.swift */,
				6F9FE7E52975724B00668F35 /* SearchViewController.swift */,
				6F9FE7E72975726E00668F35 /* LibraryViewController.swift */,
			);
			path = Core;
			sourceTree = "<group>";
		};
		6F9FE7EA297572A500668F35 /* Others */ = {
			isa = PBXGroup;
			children = (
				6F9FE7EB297572BD00668F35 /* AuthViewController.swift */,
				6F9FE7ED297572D300668F35 /* WelcomeViewController.swift */,
				6F9FE7EF297572F800668F35 /* SettingsViewController.swift */,
				6F9FE7F12975731300668F35 /* ProfileViewController.swift */,
				6F9FE7F32975739800668F35 /* PlayerViewController.swift */,
				6F9FE7F5297573B300668F35 /* PlayListViewController.swift */,
				6F9FE7F7297584A800668F35 /* SearchResultsViewController.swift */,
			);
			path = Others;
			sourceTree = "<group>";
		};
/* End PBXGroup section */

/* Begin PBXNativeTarget section */
		6F9FE7C32972543100668F35 /* spotifyDoli */ = {
			isa = PBXNativeTarget;
			buildConfigurationList = 6F9FE7D82972543300668F35 /* Build configuration list for PBXNativeTarget "spotifyDoli" */;
			buildPhases = (
				6F9FE7C02972543100668F35 /* Sources */,
				6F9FE7C12972543100668F35 /* Frameworks */,
				6F9FE7C22972543100668F35 /* Resources */,
			);
			buildRules = (
			);
			dependencies = (
			);
			name = spotifyDoli;
			packageProductDependencies = (
				6F9FE8102977260B00668F35 /* SDWebImage */,
				6F9FE8122977260B00668F35 /* SDWebImageMapKit */,
			);
			productName = spotifyDoli;
			productReference = 6F9FE7C42972543100668F35 /* spotifyDoli.app */;
			productType = "com.apple.product-type.application";
		};
/* End PBXNativeTarget section */

/* Begin PBXProject section */
		6F9FE7BC2972543100668F35 /* Project object */ = {
			isa = PBXProject;
			attributes = {
				BuildIndependentTargetsInParallel = 1;
				LastSwiftUpdateCheck = 1420;
				LastUpgradeCheck = 1420;
				TargetAttributes = {
					6F9FE7C32972543100668F35 = {
						CreatedOnToolsVersion = 14.2;
					};
				};
			};
			buildConfigurationList = 6F9FE7BF2972543100668F35 /* Build configuration list for PBXProject "spotifyDoli" */;
			compatibilityVersion = "Xcode 14.0";
			developmentRegion = en;
			hasScannedForEncodings = 0;
			knownRegions = (
				en,
				Base,
			);
			mainGroup = 6F9FE7BB2972543100668F35;
			packageReferences = (
				6F9FE80F2977260B00668F35 /* XCRemoteSwiftPackageReference "SDWebImage" */,
			);
			productRefGroup = 6F9FE7C52972543100668F35 /* Products */;
			projectDirPath = "";
			projectRoot = "";
			targets = (
				6F9FE7C32972543100668F35 /* spotifyDoli */,
			);
		};
/* End PBXProject section */

/* Begin PBXResourcesBuildPhase section */
		6F9FE7C22972543100668F35 /* Resources */ = {
			isa = PBXResourcesBuildPhase;
			buildActionMask = 2147483647;
			files = (
				6F9FE7E22975716B00668F35 /* Main.storyboard in Resources */,
				6F9FE7D42972543300668F35 /* LaunchScreen.storyboard in Resources */,
				6F9FE7D12972543300668F35 /* Assets.xcassets in Resources */,
			);
			runOnlyForDeploymentPostprocessing = 0;
		};
/* End PBXResourcesBuildPhase section */

/* Begin PBXSourcesBuildPhase section */
		6F9FE7C02972543100668F35 /* Sources */ = {
			isa = PBXSourcesBuildPhase;
			buildActionMask = 2147483647;
			files = (
				6F9FE7E62975724B00668F35 /* SearchViewController.swift in Sources */,
				6F9FE80C2976E0A900668F35 /* APIImage.swift in Sources */,
				6F9FE800297586A200668F35 /* Playlist.swift in Sources */,
				6F9FE7FA2975856700668F35 /* AuthManager.swift in Sources */,
				6F9FE7F8297584A800668F35 /* SearchResultsViewController.swift in Sources */,
				6F9FE7EE297572D300668F35 /* WelcomeViewController.swift in Sources */,
				6F9FE7F22975731300668F35 /* ProfileViewController.swift in Sources */,
				6F9FE7E4297571FC00668F35 /* TabBarViewController.swift in Sources */,
				6F9FE7FE2975868400668F35 /* HapticsManager.swift in Sources */,
				6F9FE80A2976C29C00668F35 /* AuthResponse.swift in Sources */,
				6F9FE802297586AF00668F35 /* AudioTrack.swift in Sources */,
				6F9FE7CC2972543100668F35 /* HomeViewController.swift in Sources */,
				6F9FE7EC297572BD00668F35 /* AuthViewController.swift in Sources */,
				6F9FE7C82972543100668F35 /* AppDelegate.swift in Sources */,
				6F9FE806297586D000668F35 /* UserProfile.swift in Sources */,
				6F9FE8082975979700668F35 /* Extensions.swift in Sources */,
				6F9FE7E82975726E00668F35 /* LibraryViewController.swift in Sources */,
				6F9FE804297586C000668F35 /* Artist.swift in Sources */,
				6F9FE7F6297573B300668F35 /* PlayListViewController.swift in Sources */,
				6F9FE7CA2972543100668F35 /* SceneDelegate.swift in Sources */,
				6F9FE80E297721C000668F35 /* SettingModel.swift in Sources */,
				6F9FE7F42975739800668F35 /* PlayerViewController.swift in Sources */,
				6F9FE7FC2975866F00668F35 /* APICaller.swift in Sources */,
				6F9FE7F0297572F800668F35 /* SettingsViewController.swift in Sources */,
			);
			runOnlyForDeploymentPostprocessing = 0;
		};
/* End PBXSourcesBuildPhase section */

/* Begin PBXVariantGroup section */
		6F9FE7D22972543300668F35 /* LaunchScreen.storyboard */ = {
			isa = PBXVariantGroup;
			children = (
				6F9FE7D32972543300668F35 /* Base */,
			);
			name = LaunchScreen.storyboard;
			sourceTree = "<group>";
		};
/* End PBXVariantGroup section */

/* Begin XCBuildConfiguration section */
		6F9FE7D62972543300668F35 /* Debug */ = {
			isa = XCBuildConfiguration;
			buildSettings = {
				ALWAYS_SEARCH_USER_PATHS = NO;
				CLANG_ANALYZER_NONNULL = YES;
				CLANG_ANALYZER_NUMBER_OBJECT_CONVERSION = YES_AGGRESSIVE;
				CLANG_CXX_LANGUAGE_STANDARD = "gnu++20";
				CLANG_ENABLE_MODULES = YES;
				CLANG_ENABLE_OBJC_ARC = YES;
				CLANG_ENABLE_OBJC_WEAK = YES;
				CLANG_WARN_BLOCK_CAPTURE_AUTORELEASING = YES;
				CLANG_WARN_BOOL_CONVERSION = YES;
				CLANG_WARN_COMMA = YES;
				CLANG_WARN_CONSTANT_CONVERSION = YES;
				CLANG_WARN_DEPRECATED_OBJC_IMPLEMENTATIONS = YES;
				CLANG_WARN_DIRECT_OBJC_ISA_USAGE = YES_ERROR;
				CLANG_WARN_DOCUMENTATION_COMMENTS = YES;
				CLANG_WARN_EMPTY_BODY = YES;
				CLANG_WARN_ENUM_CONVERSION = YES;
				CLANG_WARN_INFINITE_RECURSION = YES;
				CLANG_WARN_INT_CONVERSION = YES;
				CLANG_WARN_NON_LITERAL_NULL_CONVERSION = YES;
				CLANG_WARN_OBJC_IMPLICIT_RETAIN_SELF = YES;
				CLANG_WARN_OBJC_LITERAL_CONVERSION = YES;
				CLANG_WARN_OBJC_ROOT_CLASS = YES_ERROR;
				CLANG_WARN_QUOTED_INCLUDE_IN_FRAMEWORK_HEADER = YES;
				CLANG_WARN_RANGE_LOOP_ANALYSIS = YES;
				CLANG_WARN_STRICT_PROTOTYPES = YES;
				CLANG_WARN_SUSPICIOUS_MOVE = YES;
				CLANG_WARN_UNGUARDED_AVAILABILITY = YES_AGGRESSIVE;
				CLANG_WARN_UNREACHABLE_CODE = YES;
				CLANG_WARN__DUPLICATE_METHOD_MATCH = YES;
				COPY_PHASE_STRIP = NO;
				DEBUG_INFORMATION_FORMAT = dwarf;
				ENABLE_STRICT_OBJC_MSGSEND = YES;
				ENABLE_TESTABILITY = YES;
				GCC_C_LANGUAGE_STANDARD = gnu11;
				GCC_DYNAMIC_NO_PIC = NO;
				GCC_NO_COMMON_BLOCKS = YES;
				GCC_OPTIMIZATION_LEVEL = 0;
				GCC_PREPROCESSOR_DEFINITIONS = (
					"DEBUG=1",
					"$(inherited)",
				);
				GCC_WARN_64_TO_32_BIT_CONVERSION = YES;
				GCC_WARN_ABOUT_RETURN_TYPE = YES_ERROR;
				GCC_WARN_UNDECLARED_SELECTOR = YES;
				GCC_WARN_UNINITIALIZED_AUTOS = YES_AGGRESSIVE;
				GCC_WARN_UNUSED_FUNCTION = YES;
				GCC_WARN_UNUSED_VARIABLE = YES;
				IPHONEOS_DEPLOYMENT_TARGET = 16.2;
				MTL_ENABLE_DEBUG_INFO = INCLUDE_SOURCE;
				MTL_FAST_MATH = YES;
				ONLY_ACTIVE_ARCH = YES;
				SDKROOT = iphoneos;
				SWIFT_ACTIVE_COMPILATION_CONDITIONS = DEBUG;
				SWIFT_OPTIMIZATION_LEVEL = "-Onone";
			};
			name = Debug;
		};
		6F9FE7D72972543300668F35 /* Release */ = {
			isa = XCBuildConfiguration;
			buildSettings = {
				ALWAYS_SEARCH_USER_PATHS = NO;
				CLANG_ANALYZER_NONNULL = YES;
				CLANG_ANALYZER_NUMBER_OBJECT_CONVERSION = YES_AGGRESSIVE;
				CLANG_CXX_LANGUAGE_STANDARD = "gnu++20";
				CLANG_ENABLE_MODULES = YES;
				CLANG_ENABLE_OBJC_ARC = YES;
				CLANG_ENABLE_OBJC_WEAK = YES;
				CLANG_WARN_BLOCK_CAPTURE_AUTORELEASING = YES;
				CLANG_WARN_BOOL_CONVERSION = YES;
				CLANG_WARN_COMMA = YES;
				CLANG_WARN_CONSTANT_CONVERSION = YES;
				CLANG_WARN_DEPRECATED_OBJC_IMPLEMENTATIONS = YES;
				CLANG_WARN_DIRECT_OBJC_ISA_USAGE = YES_ERROR;
				CLANG_WARN_DOCUMENTATION_COMMENTS = YES;
				CLANG_WARN_EMPTY_BODY = YES;
				CLANG_WARN_ENUM_CONVERSION = YES;
				CLANG_WARN_INFINITE_RECURSION = YES;
				CLANG_WARN_INT_CONVERSION = YES;
				CLANG_WARN_NON_LITERAL_NULL_CONVERSION = YES;
				CLANG_WARN_OBJC_IMPLICIT_RETAIN_SELF = YES;
				CLANG_WARN_OBJC_LITERAL_CONVERSION = YES;
				CLANG_WARN_OBJC_ROOT_CLASS = YES_ERROR;
				CLANG_WARN_QUOTED_INCLUDE_IN_FRAMEWORK_HEADER = YES;
				CLANG_WARN_RANGE_LOOP_ANALYSIS = YES;
				CLANG_WARN_STRICT_PROTOTYPES = YES;
				CLANG_WARN_SUSPICIOUS_MOVE = YES;
				CLANG_WARN_UNGUARDED_AVAILABILITY = YES_AGGRESSIVE;
				CLANG_WARN_UNREACHABLE_CODE = YES;
				CLANG_WARN__DUPLICATE_METHOD_MATCH = YES;
				COPY_PHASE_STRIP = NO;
				DEBUG_INFORMATION_FORMAT = "dwarf-with-dsym";
				ENABLE_NS_ASSERTIONS = NO;
				ENABLE_STRICT_OBJC_MSGSEND = YES;
				GCC_C_LANGUAGE_STANDARD = gnu11;
				GCC_NO_COMMON_BLOCKS = YES;
				GCC_WARN_64_TO_32_BIT_CONVERSION = YES;
				GCC_WARN_ABOUT_RETURN_TYPE = YES_ERROR;
				GCC_WARN_UNDECLARED_SELECTOR = YES;
				GCC_WARN_UNINITIALIZED_AUTOS = YES_AGGRESSIVE;
				GCC_WARN_UNUSED_FUNCTION = YES;
				GCC_WARN_UNUSED_VARIABLE = YES;
				IPHONEOS_DEPLOYMENT_TARGET = 16.2;
				MTL_ENABLE_DEBUG_INFO = NO;
				MTL_FAST_MATH = YES;
				SDKROOT = iphoneos;
				SWIFT_COMPILATION_MODE = wholemodule;
				SWIFT_OPTIMIZATION_LEVEL = "-O";
				VALIDATE_PRODUCT = YES;
			};
			name = Release;
		};
		6F9FE7D92972543300668F35 /* Debug */ = {
			isa = XCBuildConfiguration;
			buildSettings = {
				ASSETCATALOG_COMPILER_APPICON_NAME = AppIcon;
				ASSETCATALOG_COMPILER_GLOBAL_ACCENT_COLOR_NAME = AccentColor;
				CODE_SIGN_STYLE = Automatic;
				CURRENT_PROJECT_VERSION = 1;
				DEVELOPMENT_TEAM = GP4P669DH8;
				GENERATE_INFOPLIST_FILE = YES;
				INFOPLIST_FILE = spotifyDoli/Info.plist;
				INFOPLIST_KEY_UIApplicationSupportsIndirectInputEvents = YES;
				INFOPLIST_KEY_UILaunchStoryboardName = LaunchScreen;
				INFOPLIST_KEY_UIMainStoryboardFile = Main;
				INFOPLIST_KEY_UISupportedInterfaceOrientations_iPad = "UIInterfaceOrientationPortrait UIInterfaceOrientationPortraitUpsideDown UIInterfaceOrientationLandscapeLeft UIInterfaceOrientationLandscapeRight";
				INFOPLIST_KEY_UISupportedInterfaceOrientations_iPhone = "UIInterfaceOrientationPortrait UIInterfaceOrientationLandscapeLeft UIInterfaceOrientationLandscapeRight";
				LD_RUNPATH_SEARCH_PATHS = (
					"$(inherited)",
					"@executable_path/Frameworks",
				);
				MARKETING_VERSION = 1.0;
				PRODUCT_BUNDLE_IDENTIFIER = nico.spotifyDoli;
				PRODUCT_NAME = "$(TARGET_NAME)";
				SWIFT_EMIT_LOC_STRINGS = YES;
				SWIFT_VERSION = 5.0;
				TARGETED_DEVICE_FAMILY = "1,2";
			};
			name = Debug;
		};
		6F9FE7DA2972543300668F35 /* Release */ = {
			isa = XCBuildConfiguration;
			buildSettings = {
				ASSETCATALOG_COMPILER_APPICON_NAME = AppIcon;
				ASSETCATALOG_COMPILER_GLOBAL_ACCENT_COLOR_NAME = AccentColor;
				CODE_SIGN_STYLE = Automatic;
				CURRENT_PROJECT_VERSION = 1;
				DEVELOPMENT_TEAM = GP4P669DH8;
				GENERATE_INFOPLIST_FILE = YES;
				INFOPLIST_FILE = spotifyDoli/Info.plist;
				INFOPLIST_KEY_UIApplicationSupportsIndirectInputEvents = YES;
				INFOPLIST_KEY_UILaunchStoryboardName = LaunchScreen;
				INFOPLIST_KEY_UIMainStoryboardFile = Main;
				INFOPLIST_KEY_UISupportedInterfaceOrientations_iPad = "UIInterfaceOrientationPortrait UIInterfaceOrientationPortraitUpsideDown UIInterfaceOrientationLandscapeLeft UIInterfaceOrientationLandscapeRight";
				INFOPLIST_KEY_UISupportedInterfaceOrientations_iPhone = "UIInterfaceOrientationPortrait UIInterfaceOrientationLandscapeLeft UIInterfaceOrientationLandscapeRight";
				LD_RUNPATH_SEARCH_PATHS = (
					"$(inherited)",
					"@executable_path/Frameworks",
				);
				MARKETING_VERSION = 1.0;
				PRODUCT_BUNDLE_IDENTIFIER = nico.spotifyDoli;
				PRODUCT_NAME = "$(TARGET_NAME)";
				SWIFT_EMIT_LOC_STRINGS = YES;
				SWIFT_VERSION = 5.0;
				TARGETED_DEVICE_FAMILY = "1,2";
			};
			name = Release;
		};
/* End XCBuildConfiguration section */

/* Begin XCConfigurationList section */
		6F9FE7BF2972543100668F35 /* Build configuration list for PBXProject "spotifyDoli" */ = {
			isa = XCConfigurationList;
			buildConfigurations = (
				6F9FE7D62972543300668F35 /* Debug */,
				6F9FE7D72972543300668F35 /* Release */,
			);
			defaultConfigurationIsVisible = 0;
			defaultConfigurationName = Release;
		};
		6F9FE7D82972543300668F35 /* Build configuration list for PBXNativeTarget "spotifyDoli" */ = {
			isa = XCConfigurationList;
			buildConfigurations = (
				6F9FE7D92972543300668F35 /* Debug */,
				6F9FE7DA2972543300668F35 /* Release */,
			);
			defaultConfigurationIsVisible = 0;
			defaultConfigurationName = Release;
		};
/* End XCConfigurationList section */

/* Begin XCRemoteSwiftPackageReference section */
		6F9FE80F2977260B00668F35 /* XCRemoteSwiftPackageReference "SDWebImage" */ = {
			isa = XCRemoteSwiftPackageReference;
			repositoryURL = "https://github.com/SDWebImage/SDWebImage.git";
			requirement = {
				kind = upToNextMajorVersion;
				minimumVersion = 5.0.0;
			};
		};
/* End XCRemoteSwiftPackageReference section */

/* Begin XCSwiftPackageProductDependency section */
		6F9FE8102977260B00668F35 /* SDWebImage */ = {
			isa = XCSwiftPackageProductDependency;
			package = 6F9FE80F2977260B00668F35 /* XCRemoteSwiftPackageReference "SDWebImage" */;
			productName = SDWebImage;
		};
		6F9FE8122977260B00668F35 /* SDWebImageMapKit */ = {
			isa = XCSwiftPackageProductDependency;
			package = 6F9FE80F2977260B00668F35 /* XCRemoteSwiftPackageReference "SDWebImage" */;
			productName = SDWebImageMapKit;
		};
/* End XCSwiftPackageProductDependency section */
	};
	rootObject = 6F9FE7BC2972543100668F35 /* Project object */;
}
